
Microsoft Visual Studio Solution File, Format Version 12.00
# Visual Studio 15
VisualStudioVersion = 15.0.28010.2048
MinimumVisualStudioVersion = 10.0.40219.1
Project("{FAE04EC0-301F-11D3-BF4B-00C04F79EFBC}") = "laboratorio_14", "laboratorio_14\laboratorio_14.csproj", "{DB0932CC-C3BF-4B4E-A176-51F60F7EA525}"
EndProject
Global
	GlobalSection(SolutionConfigurationPlatforms) = preSolution
		Debug|Any CPU = Debug|Any CPU
		Release|Any CPU = Release|Any CPU
	EndGlobalSection
	GlobalSection(ProjectConfigurationPlatforms) = postSolution
		{DB0932CC-C3BF-4B4E-A176-51F60F7EA525}.Debug|Any CPU.ActiveCfg = Debug|Any CPU
		{DB0932CC-C3BF-4B4E-A176-51F60F7EA525}.Debug|Any CPU.Build.0 = Debug|Any CPU
		{DB0932CC-C3BF-4B4E-A176-51F60F7EA525}.Release|Any CPU.ActiveCfg = Release|Any CPU
		{DB0932CC-C3BF-4B4E-A176-51F60F7EA525}.Release|Any CPU.Build.0 = Release|Any CPU
	EndGlobalSection
	GlobalSection(SolutionProperties) = preSolution
		HideSolutionNode = FALSE
	EndGlobalSection
	GlobalSection(ExtensibilityGlobals) = postSolution
		SolutionGuid = {542C938B-B063-437B-B0E7-82ABF04E88A5}
	EndGlobalSection
EndGlobal
